
Microsoft Visual Studio Solution File, Format Version 12.00
# Visual Studio Version 17
VisualStudioVersion = 17.8.34525.116
MinimumVisualStudioVersion = 10.0.40219.1
Project("{FAE04EC0-301F-11D3-BF4B-00C04F79EFBC}") = "EmployeeManagment", "EmployeeManagment\EmployeeManagment.csproj", "{5C16A4F2-E7D1-416D-B8AC-28C200C2CC31}"
EndProject
Global
	GlobalSection(SolutionConfigurationPlatforms) = preSolution
		Debug|Any CPU = Debug|Any CPU
		Release|Any CPU = Release|Any CPU
	EndGlobalSection
	GlobalSection(ProjectConfigurationPlatforms) = postSolution
		{5C16A4F2-E7D1-416D-B8AC-28C200C2CC31}.Debug|Any CPU.ActiveCfg = Debug|Any CPU
		{5C16A4F2-E7D1-416D-B8AC-28C200C2CC31}.Debug|Any CPU.Build.0 = Debug|Any CPU
		{5C16A4F2-E7D1-416D-B8AC-28C200C2CC31}.Release|Any CPU.ActiveCfg = Release|Any CPU
		{5C16A4F2-E7D1-416D-B8AC-28C200C2CC31}.Release|Any CPU.Build.0 = Release|Any CPU
	EndGlobalSection
	GlobalSection(SolutionProperties) = preSolution
		HideSolutionNode = FALSE
	EndGlobalSection
	GlobalSection(ExtensibilityGlobals) = postSolution
		SolutionGuid = {FE974B6C-C902-4D21-980F-C797300E6D30}
	EndGlobalSection
EndGlobal
